{
  "version": 4,
  "terraform_version": "1.1.0",
  "serial": 35,
  "lineage": "d2b54d43-482a-ad39-fad2-a913dfd33a4b",
  "outputs": {
    "kubernetes_cluster_host": {
      "value": "35.188.160.93",
      "type": "string"
    },
    "kubernetes_cluster_name": {
      "value": "grand-fx-308506-gke",
      "type": "string"
    },
    "project_id": {
      "value": "grand-fx-308506",
      "type": "string"
    },
    "region": {
      "value": "us-central1",
      "type": "string"
    }
  },
  "resources": [
    {
      "mode": "managed",
      "type": "google_compute_network",
      "name": "vpc",
      "provider": "provider[\"registry.terraform.io/hashicorp/google\"]",
      "instances": [
        {
          "schema_version": 0,
          "attributes": {
            "auto_create_subnetworks": false,
            "delete_default_routes_on_create": false,
            "description": "",
            "enable_ula_internal_ipv6": false,
            "gateway_ipv4": "",
            "id": "projects/grand-fx-308506/global/networks/grand-fx-308506-vpc",
            "internal_ipv6_range": "",
            "mtu": 0,
            "name": "grand-fx-308506-vpc",
            "project": "grand-fx-308506",
            "routing_mode": "REGIONAL",
            "self_link": "https://www.googleapis.com/compute/v1/projects/grand-fx-308506/global/networks/grand-fx-308506-vpc",
            "timeouts": null
          },
          "sensitive_attributes": [],
          "private": "eyJlMmJmYjczMC1lY2FhLTExZTYtOGY4OC0zNDM2M2JjN2M0YzAiOnsiY3JlYXRlIjoxMjAwMDAwMDAwMDAwLCJkZWxldGUiOjEyMDAwMDAwMDAwMDAsInVwZGF0ZSI6MTIwMDAwMDAwMDAwMH19"
        }
      ]
    },
    {
      "mode": "managed",
      "type": "google_compute_subnetwork",
      "name": "subnet",
      "provider": "provider[\"registry.terraform.io/hashicorp/google\"]",
      "instances": [
        {
          "schema_version": 0,
          "attributes": {
            "creation_timestamp": "2023-10-30T02:22:37.822-07:00",
            "description": "",
            "external_ipv6_prefix": "",
            "fingerprint": null,
            "gateway_address": "10.10.0.1",
            "id": "projects/grand-fx-308506/regions/us-central1/subnetworks/grand-fx-308506-subnet",
            "ip_cidr_range": "10.10.0.0/24",
            "ipv6_access_type": "",
            "ipv6_cidr_range": "",
            "log_config": [],
            "name": "grand-fx-308506-subnet",
            "network": "https://www.googleapis.com/compute/v1/projects/grand-fx-308506/global/networks/grand-fx-308506-vpc",
            "private_ip_google_access": false,
            "private_ipv6_google_access": "DISABLE_GOOGLE_ACCESS",
            "project": "grand-fx-308506",
            "purpose": "PRIVATE",
            "region": "us-central1",
            "role": "",
            "secondary_ip_range": [],
            "self_link": "https://www.googleapis.com/compute/v1/projects/grand-fx-308506/regions/us-central1/subnetworks/grand-fx-308506-subnet",
            "stack_type": "IPV4_ONLY",
            "timeouts": null
          },
          "sensitive_attributes": [],
          "private": "eyJlMmJmYjczMC1lY2FhLTExZTYtOGY4OC0zNDM2M2JjN2M0YzAiOnsiY3JlYXRlIjoxMjAwMDAwMDAwMDAwLCJkZWxldGUiOjEyMDAwMDAwMDAwMDAsInVwZGF0ZSI6MTIwMDAwMDAwMDAwMH19",
          "dependencies": [
            "google_compute_network.vpc"
          ]
        }
      ]
    },
    {
      "mode": "managed",
      "type": "google_container_cluster",
      "name": "primary",
      "provider": "provider[\"registry.terraform.io/hashicorp/google\"]",
      "instances": [
        {
          "schema_version": 1,
          "attributes": {
            "addons_config": [
              {
                "cloudrun_config": [],
                "gcp_filestore_csi_driver_config": [],
                "horizontal_pod_autoscaling": [],
                "http_load_balancing": [],
                "network_policy_config": [
                  {
                    "disabled": true
                  }
                ]
              }
            ],
            "authenticator_groups_config": [],
            "cluster_autoscaling": [
              {
                "auto_provisioning_defaults": [],
                "enabled": false,
                "resource_limits": []
              }
            ],
            "cluster_ipv4_cidr": "10.108.0.0/14",
            "confidential_nodes": [],
            "database_encryption": [
              {
                "key_name": "",
                "state": "DECRYPTED"
              }
            ],
            "datapath_provider": "",
            "default_max_pods_per_node": null,
            "default_snat_status": [
              {
                "disabled": false
              }
            ],
            "description": "",
            "dns_config": [],
            "enable_autopilot": false,
            "enable_binary_authorization": false,
            "enable_intranode_visibility": false,
            "enable_kubernetes_alpha": false,
            "enable_legacy_abac": false,
            "enable_shielded_nodes": true,
            "enable_tpu": false,
            "endpoint": "35.188.160.93",
            "id": "projects/grand-fx-308506/locations/us-central1-f/clusters/grand-fx-308506-gke",
            "initial_node_count": 1,
            "ip_allocation_policy": [],
            "label_fingerprint": "a9dc16a7",
            "location": "us-central1-f",
            "logging_config": [
              {
                "enable_components": [
                  "SYSTEM_COMPONENTS",
                  "WORKLOADS"
                ]
              }
            ],
            "logging_service": "logging.googleapis.com/kubernetes",
            "maintenance_policy": [],
            "master_auth": [
              {
                "client_certificate": "",
                "client_certificate_config": [
                  {
                    "issue_client_certificate": false
                  }
                ],
                "client_key": "",
                "cluster_ca_certificate": "LS0tLS1CRUdJTiBDRVJUSUZJQ0FURS0tLS0tCk1JSUVMVENDQXBXZ0F3SUJBZ0lSQUlKeU8zd1JGRFJYQURDRGhFMEt5NVV3RFFZSktvWklodmNOQVFFTEJRQXcKTHpFdE1Dc0dBMVVFQXhNa05tRTNZV0ZoTVRjdFpqQXhaQzAwTVRrd0xUZ3dOREV0WXpVMllqSXlZalU1TTJFNQpNQ0FYRFRJek1UQXpNREE0TWpNd01Wb1lEekl3TlRNeE1ESXlNRGt5TXpBeFdqQXZNUzB3S3dZRFZRUURFeVEyCllUZGhZV0V4TnkxbU1ERmtMVFF4T1RBdE9EQTBNUzFqTlRaaU1qSmlOVGt6WVRrd2dnR2lNQTBHQ1NxR1NJYjMKRFFFQkFRVUFBNElCandBd2dnR0tBb0lCZ1FDVit2b3hydEttdWduN3B2YWJRMTAvbTh3TzRWdk5DMWtlRVFBTgp3ZDc0MHVwUUpLcVRzUGxYQnB5ZVpNVkEreHpvSWt4YkRVVVdyR0hFNDlUdm1ZUXRHNkRkWncvdU8yVGFDeXIxCjN5SnpVS2N4NzB1NUJLYTgzbldWd0FvM1A3UzJYNG5TOU9nTC9aZ1pGNnhkekRYRzhNbCtJRGNLT21KT3M1T1YKZTl6dno4bHNZSmhzblpWZzhLMUxkaE5vaUNFRXpIY3VOVzR4cXlVeDhjaGoxakhhYnY2Vld1dmlITGpvbXNIegowaXlEOXhSSGMzWnJLdkZzb0VnaURFTUgxR0VCV0sxYWpqWUp0TVAvNVBxUUNGR0t0Uk9JdXVva0o0ci9iWmVpClRvU2taaGVCN3RwSklMcURRcUc0MjhNSE5aaW9udnpZZi9SbGtmSGlabTJLWnBRZjEydWQ0TUVuck9vbkpXTTAKUmVzY2NFQmp2L2t5NDE1bS9iTWJSVFlYL3BBbWJZYjlRNWdVOGhucXZQNU9qRzM1Tmd3Z2V4NnlXcDlKR1FiaApQbHZadEZCdkV4T3p1U0VCdWNlODBtZ1NhOHhYS0V0NUNHWXk3R0d6WlhTcWg0V2M2K2JJcnFGdXpCLzRlTEdBCmdHTjRwMHkrcFovSHo4VUVrRFhsdUFod00xa0NBd0VBQWFOQ01FQXdEZ1lEVlIwUEFRSC9CQVFEQWdJRU1BOEcKQTFVZEV3RUIvd1FGTUFNQkFmOHdIUVlEVlIwT0JCWUVGQzdWTEtwenY1M3pHcjJDUk94ZEhpZW5FaFllTUEwRwpDU3FHU0liM0RRRUJDd1VBQTRJQmdRQnZtbHBMT2p1R2F2UEs0anJzN3UzQ0lOWksrUmdNRXVXc1ZSNnZ6VFprCmRTcFVXRExXS3VhWGY5ang4NnpHcXlVQmNDWXNqYUZrWUJHMUVWMmtXaGhuSURVRVYvOTN0WmJET0NubzRmVnQKUVJIVXRLTE5SQ3cxSmZaRm54TU10R1I0Z2tud3g0MGFOa0FOUjhIUS9Pc0dzYVRNZDNhYW0rblFDVEQyd2xMOQo1MDhwQ0pwVkR4UHVONnc4d3JHbGJ5Yy9SUVVQMmVaQjQwZmd0aEd1bFJKUUcrTnV0Z1NRY3FRd1A5RFhIaXc3ClVkL1VUWnJlNkJ3Z09scUxEU3FHQXAzTzFRVXowQnhMaG1Yems3d2R3ZVNnNUcxZ0tRdzNIaHZ3dmF5cjVDWWgKVUM3bytXYWUxbFVjbkFQR3RKclN6cDdNWlBwZS9jaUx3ZE82eWU3N3BCMXVaU1dLZEZKcXpkME00c3E2RERBNApnQ2ZJdHVlaGQyMTZTR3FaaURCcll3ZkNaVG1vWlZkTjJyRVU2emRmMlFhTkp3ZkNDZWtaWVdiUmNFK1haVzRzCitYNmFXelI1OFZHb1cvU2xhT2NPRnA2UVI2bElGNGR0WXVsMWxBbzBmSU9YdEEyc2Z6K091VDRKZWxZRXVFN0QKNExKSTYzdXlWWDVqTWkzZUM3elRDRUU9Ci0tLS0tRU5EIENFUlRJRklDQVRFLS0tLS0K"
              }
            ],
            "master_authorized_networks_config": [],
            "master_version": "1.27.3-gke.100",
            "min_master_version": null,
            "monitoring_config": [
              {
                "enable_components": [
                  "SYSTEM_COMPONENTS"
                ]
              }
            ],
            "monitoring_service": "monitoring.googleapis.com/kubernetes",
            "name": "grand-fx-308506-gke",
            "network": "projects/grand-fx-308506/global/networks/grand-fx-308506-vpc",
            "network_policy": [
              {
                "enabled": false,
                "provider": "PROVIDER_UNSPECIFIED"
              }
            ],
            "networking_mode": "ROUTES",
            "node_config": [],
            "node_locations": [],
            "node_pool": [],
            "node_version": "1.27.3-gke.100",
            "operation": null,
            "private_cluster_config": [
              {
                "enable_private_endpoint": false,
                "enable_private_nodes": false,
                "master_global_access_config": [
                  {
                    "enabled": false
                  }
                ],
                "master_ipv4_cidr_block": "",
                "peering_name": "",
                "private_endpoint": "10.10.0.2",
                "public_endpoint": "35.188.160.93"
              }
            ],
            "private_ipv6_google_access": "",
            "project": "grand-fx-308506",
            "release_channel": [
              {
                "channel": "REGULAR"
              }
            ],
            "remove_default_node_pool": true,
            "resource_labels": null,
            "resource_usage_export_config": [],
            "self_link": "https://container.googleapis.com/v1/projects/grand-fx-308506/zones/us-central1-f/clusters/grand-fx-308506-gke",
            "services_ipv4_cidr": "10.111.240.0/20",
            "subnetwork": "projects/grand-fx-308506/regions/us-central1/subnetworks/grand-fx-308506-subnet",
            "timeouts": null,
            "tpu_ipv4_cidr_block": "",
            "vertical_pod_autoscaling": [],
            "workload_identity_config": []
          },
          "sensitive_attributes": [],
          "private": "eyJlMmJmYjczMC1lY2FhLTExZTYtOGY4OC0zNDM2M2JjN2M0YzAiOnsiY3JlYXRlIjoyNDAwMDAwMDAwMDAwLCJkZWxldGUiOjI0MDAwMDAwMDAwMDAsInJlYWQiOjI0MDAwMDAwMDAwMDAsInVwZGF0ZSI6MzYwMDAwMDAwMDAwMH0sInNjaGVtYV92ZXJzaW9uIjoiMSJ9",
          "dependencies": [
            "google_compute_network.vpc",
            "google_compute_subnetwork.subnet"
          ]
        }
      ]
    },
    {
      "mode": "managed",
      "type": "google_container_node_pool",
      "name": "primary_nodes",
      "provider": "provider[\"registry.terraform.io/hashicorp/google\"]",
      "instances": [
        {
          "schema_version": 1,
          "attributes": {
            "autoscaling": [],
            "cluster": "grand-fx-308506-gke",
            "id": "projects/grand-fx-308506/locations/us-central1-f/clusters/grand-fx-308506-gke/nodePools/grand-fx-308506-gke",
            "initial_node_count": 2,
            "instance_group_urls": [
              "https://www.googleapis.com/compute/v1/projects/grand-fx-308506/zones/us-central1-f/instanceGroupManagers/gke-grand-fx-308506--grand-fx-308506--baff3b0f-grp"
            ],
            "location": "us-central1-f",
            "managed_instance_group_urls": [
              "https://www.googleapis.com/compute/v1/projects/grand-fx-308506/zones/us-central1-f/instanceGroups/gke-grand-fx-308506--grand-fx-308506--baff3b0f-grp"
            ],
            "management": [
              {
                "auto_repair": true,
                "auto_upgrade": true
              }
            ],
            "max_pods_per_node": null,
            "name": "grand-fx-308506-gke",
            "name_prefix": "",
            "node_config": [
              {
                "boot_disk_kms_key": "",
                "disk_size_gb": 50,
                "disk_type": "pd-balanced",
                "gcfs_config": [],
                "guest_accelerator": [],
                "gvnic": [],
                "image_type": "COS_CONTAINERD",
                "labels": {
                  "env": "grand-fx-308506"
                },
                "local_ssd_count": 0,
                "machine_type": "n1-standard-1",
                "metadata": {
                  "disable-legacy-endpoints": "true"
                },
                "min_cpu_platform": "",
                "node_group": "",
                "oauth_scopes": [
                  "https://www.googleapis.com/auth/logging.write",
                  "https://www.googleapis.com/auth/monitoring"
                ],
                "preemptible": true,
                "service_account": "default",
                "shielded_instance_config": [
                  {
                    "enable_integrity_monitoring": true,
                    "enable_secure_boot": false
                  }
                ],
                "spot": false,
                "tags": [
                  "gke-node",
                  "grand-fx-308506-gke"
                ],
                "taint": [],
                "workload_metadata_config": []
              }
            ],
            "node_count": 2,
            "node_locations": [
              "us-central1-f"
            ],
            "operation": null,
            "project": "grand-fx-308506",
            "timeouts": null,
            "upgrade_settings": [
              {
                "max_surge": 1,
                "max_unavailable": 0
              }
            ],
            "version": "1.27.3-gke.100"
          },
          "sensitive_attributes": [],
          "private": "eyJlMmJmYjczMC1lY2FhLTExZTYtOGY4OC0zNDM2M2JjN2M0YzAiOnsiY3JlYXRlIjoxODAwMDAwMDAwMDAwLCJkZWxldGUiOjE4MDAwMDAwMDAwMDAsInVwZGF0ZSI6MTgwMDAwMDAwMDAwMH0sInNjaGVtYV92ZXJzaW9uIjoiMSJ9",
          "dependencies": [
            "google_compute_network.vpc",
            "google_compute_subnetwork.subnet",
            "google_container_cluster.primary"
          ]
        }
      ]
    }
  ]
}
